
Microsoft Visual Studio Solution File, Format Version 12.00
# Visual Studio Version 17
VisualStudioVersion = 17.3.32929.385
MinimumVisualStudioVersion = 10.0.40219.1
Project("{FAE04EC0-301F-11D3-BF4B-00C04F79EFBC}") = "OnlineUsersServer", "OnlineUsersServer\OnlineUsersServer.csproj", "{DBF9BB09-0300-4F03-8767-DA173D8CDD50}"
EndProject
Global
	GlobalSection(SolutionConfigurationPlatforms) = preSolution
		Debug|Any CPU = Debug|Any CPU
		Release|Any CPU = Release|Any CPU
	EndGlobalSection
	GlobalSection(ProjectConfigurationPlatforms) = postSolution
		{DBF9BB09-0300-4F03-8767-DA173D8CDD50}.Debug|Any CPU.ActiveCfg = Debug|Any CPU
		{DBF9BB09-0300-4F03-8767-DA173D8CDD50}.Debug|Any CPU.Build.0 = Debug|Any CPU
		{DBF9BB09-0300-4F03-8767-DA173D8CDD50}.Release|Any CPU.ActiveCfg = Release|Any CPU
		{DBF9BB09-0300-4F03-8767-DA173D8CDD50}.Release|Any CPU.Build.0 = Release|Any CPU
	EndGlobalSection
	GlobalSection(SolutionProperties) = preSolution
		HideSolutionNode = FALSE
	EndGlobalSection
	GlobalSection(ExtensibilityGlobals) = postSolution
		SolutionGuid = {2C1885AE-D6E0-4AC3-A773-3E440120445C}
	EndGlobalSection
EndGlobal
